
Microsoft Visual Studio Solution File, Format Version 12.00
# Visual Studio 15
VisualStudioVersion = 15.0.28307.757
MinimumVisualStudioVersion = 10.0.40219.1
Project("{2150E333-8FDC-42A3-9474-1A3956D46DE8}") = "Microservices", "Microservices", "{43E967D8-54B1-4FE2-8106-99B35E9C6A5E}"
EndProject
Project("{2150E333-8FDC-42A3-9474-1A3956D46DE8}") = "Website", "Website", "{D2C488ED-D90C-4E1B-8F87-14EC40DF3EDB}"
EndProject
Project("{9A19103F-16F7-4668-BE54-9A1E7A4F7556}") = "Bus.Instrastructure", "Bus.Instrastructure\Bus.Instrastructure.csproj", "{82ED07E9-395C-45A3-9D4C-111EDC522095}"
EndProject
Project("{9A19103F-16F7-4668-BE54-9A1E7A4F7556}") = "IoC.Infrastructure", "IoC.Infrastructure\IoC.Infrastructure.csproj", "{AAEE7BF8-4CEB-42C2-8457-6580FC14B339}"
EndProject
Project("{9A19103F-16F7-4668-BE54-9A1E7A4F7556}") = "Microservice.Core", "Microservice.Core\Microservice.Core.csproj", "{484A016D-F873-4F68-A51E-5E08DFDEE24F}"
EndProject
Project("{2150E333-8FDC-42A3-9474-1A3956D46DE8}") = "Banking", "Banking", "{60A2B2CC-7F19-4E63-843F-43543740AFA3}"
EndProject
Project("{2150E333-8FDC-42A3-9474-1A3956D46DE8}") = "Api", "Api", "{9284468A-CB8F-42D1-9864-8C4E84898539}"
EndProject
Project("{2150E333-8FDC-42A3-9474-1A3956D46DE8}") = "Domain", "Domain", "{1010AEDA-D381-4F13-B73B-6A8955283D41}"
EndProject
Project("{2150E333-8FDC-42A3-9474-1A3956D46DE8}") = "Data", "Data", "{622341F2-71CB-4388-91CA-023296F49857}"
EndProject
Project("{2150E333-8FDC-42A3-9474-1A3956D46DE8}") = "Application", "Application", "{8A90C0F0-6408-475C-9650-AC978A9CD8BF}"
EndProject
Project("{9A19103F-16F7-4668-BE54-9A1E7A4F7556}") = "Banking.Api", "Banking.Api\Banking.Api.csproj", "{219E56D6-7593-4C76-895F-00E8F691B77C}"
EndProject
Project("{9A19103F-16F7-4668-BE54-9A1E7A4F7556}") = "Banking.Data", "Banking.Data\Banking.Data.csproj", "{CFA537F2-B3E8-49FD-88F2-629D603FB332}"
EndProject
Project("{9A19103F-16F7-4668-BE54-9A1E7A4F7556}") = "Banking.Domain", "Banking.Domain\Banking.Domain.csproj", "{34BCC59F-745F-4AB9-A323-AB40EA7C3A87}"
EndProject
Project("{9A19103F-16F7-4668-BE54-9A1E7A4F7556}") = "Banking.Application", "Banking.Application\Banking.Application.csproj", "{55544388-06CB-491E-A666-A0AB94C599A6}"
EndProject
Project("{2150E333-8FDC-42A3-9474-1A3956D46DE8}") = "Transfer", "Transfer", "{C1EBBD90-0F77-49D4-A7E4-E82A6B1B7648}"
EndProject
Project("{2150E333-8FDC-42A3-9474-1A3956D46DE8}") = "Api", "Api", "{DD6BAE68-91EF-42DA-8B22-558359710CF6}"
EndProject
Project("{2150E333-8FDC-42A3-9474-1A3956D46DE8}") = "Application", "Application", "{DDAC1AE9-77E3-40A9-A48C-548468A2CCF5}"
EndProject
Project("{2150E333-8FDC-42A3-9474-1A3956D46DE8}") = "Domain", "Domain", "{2C57ED71-64D5-468E-8186-4049159A7392}"
EndProject
Project("{2150E333-8FDC-42A3-9474-1A3956D46DE8}") = "Data", "Data", "{54A143E3-E533-4A31-97F5-259DC9BCFA49}"
EndProject
Project("{9A19103F-16F7-4668-BE54-9A1E7A4F7556}") = "Transfer.Api", "Transfer.Api\Transfer.Api.csproj", "{5EFA992E-DAD8-44E0-8C97-FAAA334A5C6A}"
EndProject
Project("{9A19103F-16F7-4668-BE54-9A1E7A4F7556}") = "Transfer.Application", "Transfer.Application\Transfer.Application.csproj", "{80FFF057-B14A-4254-B904-F080C5A24700}"
EndProject
Project("{9A19103F-16F7-4668-BE54-9A1E7A4F7556}") = "Transfer.Data", "Transfer.Data\Transfer.Data.csproj", "{9BF411EB-0A2A-488D-9706-46C3C88C74CD}"
EndProject
Project("{9A19103F-16F7-4668-BE54-9A1E7A4F7556}") = "Transfer.Domain", "Transfer.Domain\Transfer.Domain.csproj", "{5AECB431-4621-428C-902A-37FF2F47D98E}"
EndProject
Project("{9A19103F-16F7-4668-BE54-9A1E7A4F7556}") = "Banking.Web", "Banking.Web\Banking.Web.csproj", "{2E69EF2F-6A34-4093-BDAD-5DD668D191DE}"
EndProject
Project("{FAE04EC0-301F-11D3-BF4B-00C04F79EFBC}") = "MultiConsumerTesting", "MultiConsumerTesting\MultiConsumerTesting.csproj", "{50498D40-7236-401F-B934-30CBA7E4806C}"
EndProject
Global
	GlobalSection(SolutionConfigurationPlatforms) = preSolution
		Debug|Any CPU = Debug|Any CPU
		Release|Any CPU = Release|Any CPU
	EndGlobalSection
	GlobalSection(ProjectConfigurationPlatforms) = postSolution
		{82ED07E9-395C-45A3-9D4C-111EDC522095}.Debug|Any CPU.ActiveCfg = Debug|Any CPU
		{82ED07E9-395C-45A3-9D4C-111EDC522095}.Debug|Any CPU.Build.0 = Debug|Any CPU
		{82ED07E9-395C-45A3-9D4C-111EDC522095}.Release|Any CPU.ActiveCfg = Release|Any CPU
		{82ED07E9-395C-45A3-9D4C-111EDC522095}.Release|Any CPU.Build.0 = Release|Any CPU
		{AAEE7BF8-4CEB-42C2-8457-6580FC14B339}.Debug|Any CPU.ActiveCfg = Debug|Any CPU
		{AAEE7BF8-4CEB-42C2-8457-6580FC14B339}.Debug|Any CPU.Build.0 = Debug|Any CPU
		{AAEE7BF8-4CEB-42C2-8457-6580FC14B339}.Release|Any CPU.ActiveCfg = Release|Any CPU
		{AAEE7BF8-4CEB-42C2-8457-6580FC14B339}.Release|Any CPU.Build.0 = Release|Any CPU
		{484A016D-F873-4F68-A51E-5E08DFDEE24F}.Debug|Any CPU.ActiveCfg = Debug|Any CPU
		{484A016D-F873-4F68-A51E-5E08DFDEE24F}.Debug|Any CPU.Build.0 = Debug|Any CPU
		{484A016D-F873-4F68-A51E-5E08DFDEE24F}.Release|Any CPU.ActiveCfg = Release|Any CPU
		{484A016D-F873-4F68-A51E-5E08DFDEE24F}.Release|Any CPU.Build.0 = Release|Any CPU
		{219E56D6-7593-4C76-895F-00E8F691B77C}.Debug|Any CPU.ActiveCfg = Debug|Any CPU
		{219E56D6-7593-4C76-895F-00E8F691B77C}.Debug|Any CPU.Build.0 = Debug|Any CPU
		{219E56D6-7593-4C76-895F-00E8F691B77C}.Release|Any CPU.ActiveCfg = Release|Any CPU
		{219E56D6-7593-4C76-895F-00E8F691B77C}.Release|Any CPU.Build.0 = Release|Any CPU
		{CFA537F2-B3E8-49FD-88F2-629D603FB332}.Debug|Any CPU.ActiveCfg = Debug|Any CPU
		{CFA537F2-B3E8-49FD-88F2-629D603FB332}.Debug|Any CPU.Build.0 = Debug|Any CPU
		{CFA537F2-B3E8-49FD-88F2-629D603FB332}.Release|Any CPU.ActiveCfg = Release|Any CPU
		{CFA537F2-B3E8-49FD-88F2-629D603FB332}.Release|Any CPU.Build.0 = Release|Any CPU
		{34BCC59F-745F-4AB9-A323-AB40EA7C3A87}.Debug|Any CPU.ActiveCfg = Debug|Any CPU
		{34BCC59F-745F-4AB9-A323-AB40EA7C3A87}.Debug|Any CPU.Build.0 = Debug|Any CPU
		{34BCC59F-745F-4AB9-A323-AB40EA7C3A87}.Release|Any CPU.ActiveCfg = Release|Any CPU
		{34BCC59F-745F-4AB9-A323-AB40EA7C3A87}.Release|Any CPU.Build.0 = Release|Any CPU
		{55544388-06CB-491E-A666-A0AB94C599A6}.Debug|Any CPU.ActiveCfg = Debug|Any CPU
		{55544388-06CB-491E-A666-A0AB94C599A6}.Debug|Any CPU.Build.0 = Debug|Any CPU
		{55544388-06CB-491E-A666-A0AB94C599A6}.Release|Any CPU.ActiveCfg = Release|Any CPU
		{55544388-06CB-491E-A666-A0AB94C599A6}.Release|Any CPU.Build.0 = Release|Any CPU
		{5EFA992E-DAD8-44E0-8C97-FAAA334A5C6A}.Debug|Any CPU.ActiveCfg = Debug|Any CPU
		{5EFA992E-DAD8-44E0-8C97-FAAA334A5C6A}.Debug|Any CPU.Build.0 = Debug|Any CPU
		{5EFA992E-DAD8-44E0-8C97-FAAA334A5C6A}.Release|Any CPU.ActiveCfg = Release|Any CPU
		{5EFA992E-DAD8-44E0-8C97-FAAA334A5C6A}.Release|Any CPU.Build.0 = Release|Any CPU
		{80FFF057-B14A-4254-B904-F080C5A24700}.Debug|Any CPU.ActiveCfg = Debug|Any CPU
		{80FFF057-B14A-4254-B904-F080C5A24700}.Debug|Any CPU.Build.0 = Debug|Any CPU
		{80FFF057-B14A-4254-B904-F080C5A24700}.Release|Any CPU.ActiveCfg = Release|Any CPU
		{80FFF057-B14A-4254-B904-F080C5A24700}.Release|Any CPU.Build.0 = Release|Any CPU
		{9BF411EB-0A2A-488D-9706-46C3C88C74CD}.Debug|Any CPU.ActiveCfg = Debug|Any CPU
		{9BF411EB-0A2A-488D-9706-46C3C88C74CD}.Debug|Any CPU.Build.0 = Debug|Any CPU
		{9BF411EB-0A2A-488D-9706-46C3C88C74CD}.Release|Any CPU.ActiveCfg = Release|Any CPU
		{9BF411EB-0A2A-488D-9706-46C3C88C74CD}.Release|Any CPU.Build.0 = Release|Any CPU
		{5AECB431-4621-428C-902A-37FF2F47D98E}.Debug|Any CPU.ActiveCfg = Debug|Any CPU
		{5AECB431-4621-428C-902A-37FF2F47D98E}.Debug|Any CPU.Build.0 = Debug|Any CPU
		{5AECB431-4621-428C-902A-37FF2F47D98E}.Release|Any CPU.ActiveCfg = Release|Any CPU
		{5AECB431-4621-428C-902A-37FF2F47D98E}.Release|Any CPU.Build.0 = Release|Any CPU
		{2E69EF2F-6A34-4093-BDAD-5DD668D191DE}.Debug|Any CPU.ActiveCfg = Debug|Any CPU
		{2E69EF2F-6A34-4093-BDAD-5DD668D191DE}.Debug|Any CPU.Build.0 = Debug|Any CPU
		{2E69EF2F-6A34-4093-BDAD-5DD668D191DE}.Release|Any CPU.ActiveCfg = Release|Any CPU
		{2E69EF2F-6A34-4093-BDAD-5DD668D191DE}.Release|Any CPU.Build.0 = Release|Any CPU
		{50498D40-7236-401F-B934-30CBA7E4806C}.Debug|Any CPU.ActiveCfg = Debug|Any CPU
		{50498D40-7236-401F-B934-30CBA7E4806C}.Debug|Any CPU.Build.0 = Debug|Any CPU
		{50498D40-7236-401F-B934-30CBA7E4806C}.Release|Any CPU.ActiveCfg = Release|Any CPU
		{50498D40-7236-401F-B934-30CBA7E4806C}.Release|Any CPU.Build.0 = Release|Any CPU
	EndGlobalSection
	GlobalSection(SolutionProperties) = preSolution
		HideSolutionNode = FALSE
	EndGlobalSection
	GlobalSection(NestedProjects) = preSolution
		{60A2B2CC-7F19-4E63-843F-43543740AFA3} = {43E967D8-54B1-4FE2-8106-99B35E9C6A5E}
		{9284468A-CB8F-42D1-9864-8C4E84898539} = {60A2B2CC-7F19-4E63-843F-43543740AFA3}
		{1010AEDA-D381-4F13-B73B-6A8955283D41} = {60A2B2CC-7F19-4E63-843F-43543740AFA3}
		{622341F2-71CB-4388-91CA-023296F49857} = {60A2B2CC-7F19-4E63-843F-43543740AFA3}
		{8A90C0F0-6408-475C-9650-AC978A9CD8BF} = {60A2B2CC-7F19-4E63-843F-43543740AFA3}
		{219E56D6-7593-4C76-895F-00E8F691B77C} = {9284468A-CB8F-42D1-9864-8C4E84898539}
		{CFA537F2-B3E8-49FD-88F2-629D603FB332} = {622341F2-71CB-4388-91CA-023296F49857}
		{34BCC59F-745F-4AB9-A323-AB40EA7C3A87} = {1010AEDA-D381-4F13-B73B-6A8955283D41}
		{55544388-06CB-491E-A666-A0AB94C599A6} = {8A90C0F0-6408-475C-9650-AC978A9CD8BF}
		{C1EBBD90-0F77-49D4-A7E4-E82A6B1B7648} = {43E967D8-54B1-4FE2-8106-99B35E9C6A5E}
		{DD6BAE68-91EF-42DA-8B22-558359710CF6} = {C1EBBD90-0F77-49D4-A7E4-E82A6B1B7648}
		{DDAC1AE9-77E3-40A9-A48C-548468A2CCF5} = {C1EBBD90-0F77-49D4-A7E4-E82A6B1B7648}
		{2C57ED71-64D5-468E-8186-4049159A7392} = {C1EBBD90-0F77-49D4-A7E4-E82A6B1B7648}
		{54A143E3-E533-4A31-97F5-259DC9BCFA49} = {C1EBBD90-0F77-49D4-A7E4-E82A6B1B7648}
		{5EFA992E-DAD8-44E0-8C97-FAAA334A5C6A} = {DD6BAE68-91EF-42DA-8B22-558359710CF6}
		{80FFF057-B14A-4254-B904-F080C5A24700} = {DDAC1AE9-77E3-40A9-A48C-548468A2CCF5}
		{9BF411EB-0A2A-488D-9706-46C3C88C74CD} = {54A143E3-E533-4A31-97F5-259DC9BCFA49}
		{5AECB431-4621-428C-902A-37FF2F47D98E} = {2C57ED71-64D5-468E-8186-4049159A7392}
		{2E69EF2F-6A34-4093-BDAD-5DD668D191DE} = {D2C488ED-D90C-4E1B-8F87-14EC40DF3EDB}
	EndGlobalSection
	GlobalSection(ExtensibilityGlobals) = postSolution
		SolutionGuid = {C32A4F64-FB8E-4919-B4A2-E982EC1D4182}
	EndGlobalSection
EndGlobal
